
Microsoft Visual Studio Solution File, Format Version 12.00
# Visual Studio 15
VisualStudioVersion = 15.0.28307.539
MinimumVisualStudioVersion = 10.0.40219.1
Project("{FAE04EC0-301F-11D3-BF4B-00C04F79EFBC}") = "deSPICYtoINVADER", "deSPICYtoINVADER\deSPICYtoINVADER.csproj", "{FBC0000C-EE24-4442-8A69-ADE04B01966E}"
EndProject
Global
	GlobalSection(SolutionConfigurationPlatforms) = preSolution
		Debug|Any CPU = Debug|Any CPU
		Release|Any CPU = Release|Any CPU
	EndGlobalSection
	GlobalSection(ProjectConfigurationPlatforms) = postSolution
		{FBC0000C-EE24-4442-8A69-ADE04B01966E}.Debug|Any CPU.ActiveCfg = Debug|Any CPU
		{FBC0000C-EE24-4442-8A69-ADE04B01966E}.Debug|Any CPU.Build.0 = Debug|Any CPU
		{FBC0000C-EE24-4442-8A69-ADE04B01966E}.Release|Any CPU.ActiveCfg = Release|Any CPU
		{FBC0000C-EE24-4442-8A69-ADE04B01966E}.Release|Any CPU.Build.0 = Release|Any CPU
	EndGlobalSection
	GlobalSection(SolutionProperties) = preSolution
		HideSolutionNode = FALSE
	EndGlobalSection
	GlobalSection(ExtensibilityGlobals) = postSolution
		SolutionGuid = {C06BF6B9-99D4-4FEC-ADEB-D0A21E20CA70}
	EndGlobalSection
EndGlobal
