
Microsoft Visual Studio Solution File, Format Version 12.00
# Visual Studio 15
VisualStudioVersion = 15.0.27703.2035
MinimumVisualStudioVersion = 10.0.40219.1
Project("{FAE04EC0-301F-11D3-BF4B-00C04F79EFBC}") = "Serveur", "Serveur\Serveur.csproj", "{8165A577-62D7-4227-96DE-E34AB938A5D3}"
EndProject
Project("{FAE04EC0-301F-11D3-BF4B-00C04F79EFBC}") = "Client", "Client\Client.csproj", "{EB69BAAF-1383-4FBB-AA78-CF84DF575859}"
EndProject
Global
	GlobalSection(SolutionConfigurationPlatforms) = preSolution
		Debug|Any CPU = Debug|Any CPU
		Release|Any CPU = Release|Any CPU
	EndGlobalSection
	GlobalSection(ProjectConfigurationPlatforms) = postSolution
		{8165A577-62D7-4227-96DE-E34AB938A5D3}.Debug|Any CPU.ActiveCfg = Debug|Any CPU
		{8165A577-62D7-4227-96DE-E34AB938A5D3}.Debug|Any CPU.Build.0 = Debug|Any CPU
		{8165A577-62D7-4227-96DE-E34AB938A5D3}.Release|Any CPU.ActiveCfg = Release|Any CPU
		{8165A577-62D7-4227-96DE-E34AB938A5D3}.Release|Any CPU.Build.0 = Release|Any CPU
		{EB69BAAF-1383-4FBB-AA78-CF84DF575859}.Debug|Any CPU.ActiveCfg = Debug|Any CPU
		{EB69BAAF-1383-4FBB-AA78-CF84DF575859}.Debug|Any CPU.Build.0 = Debug|Any CPU
		{EB69BAAF-1383-4FBB-AA78-CF84DF575859}.Release|Any CPU.ActiveCfg = Release|Any CPU
		{EB69BAAF-1383-4FBB-AA78-CF84DF575859}.Release|Any CPU.Build.0 = Release|Any CPU
	EndGlobalSection
	GlobalSection(SolutionProperties) = preSolution
		HideSolutionNode = FALSE
	EndGlobalSection
	GlobalSection(ExtensibilityGlobals) = postSolution
		SolutionGuid = {141A7460-6101-46D4-8757-0578891CAA30}
	EndGlobalSection
EndGlobal
